// !$*UTF8*$!
{
	archiveVersion = 1;
	classes = {
	};
	objectVersion = 56;
	objects = {

/* Begin PBXBuildFile section */
		2C14FAC02B4D1FFE00A3AE3D /* AppDelegate.swift in Sources */ = {isa = PBXBuildFile; fileRef = 2C14FABF2B4D1FFE00A3AE3D /* AppDelegate.swift */; };
		2C14FAC22B4D1FFE00A3AE3D /* SceneDelegate.swift in Sources */ = {isa = PBXBuildFile; fileRef = 2C14FAC12B4D1FFE00A3AE3D /* SceneDelegate.swift */; };
		2C14FAC92B4D200000A3AE3D /* Assets.xcassets in Resources */ = {isa = PBXBuildFile; fileRef = 2C14FAC82B4D200000A3AE3D /* Assets.xcassets */; };
		2C14FACC2B4D200000A3AE3D /* LaunchScreen.storyboard in Resources */ = {isa = PBXBuildFile; fileRef = 2C14FACA2B4D200000A3AE3D /* LaunchScreen.storyboard */; };
		2C14FAD42B4D335C00A3AE3D /* SearchVC.swift in Sources */ = {isa = PBXBuildFile; fileRef = 2C14FAD32B4D335C00A3AE3D /* SearchVC.swift */; };
		2C14FAD62B4D338D00A3AE3D /* FavoritesListVC.swift in Sources */ = {isa = PBXBuildFile; fileRef = 2C14FAD52B4D338D00A3AE3D /* FavoritesListVC.swift */; };
		2C755D6D2B4FC77700A5B7DB /* GFButton.swift in Sources */ = {isa = PBXBuildFile; fileRef = 2C755D6C2B4FC77700A5B7DB /* GFButton.swift */; };
		2C755D6F2B4FCC4400A5B7DB /* GFTextField.swift in Sources */ = {isa = PBXBuildFile; fileRef = 2C755D6E2B4FCC4400A5B7DB /* GFTextField.swift */; };
		2C9FF07E2B639804004171D4 /* Follower.swift in Sources */ = {isa = PBXBuildFile; fileRef = 2C9FF07D2B639804004171D4 /* Follower.swift */; };
		2C9FF0802B639899004171D4 /* User.swift in Sources */ = {isa = PBXBuildFile; fileRef = 2C9FF07F2B639899004171D4 /* User.swift */; };
		2CC54C762B5BA30F0054805A /* GFTitleLabel.swift in Sources */ = {isa = PBXBuildFile; fileRef = 2CC54C752B5BA30F0054805A /* GFTitleLabel.swift */; };
		2CC54C782B5BA5610054805A /* GFBodyLabel.swift in Sources */ = {isa = PBXBuildFile; fileRef = 2CC54C772B5BA5610054805A /* GFBodyLabel.swift */; };
		2CC54C7A2B5BA67C0054805A /* GFAlertVC.swift in Sources */ = {isa = PBXBuildFile; fileRef = 2CC54C792B5BA67C0054805A /* GFAlertVC.swift */; };
		2CC54C7D2B5BB5810054805A /* PresentAlert.swift in Sources */ = {isa = PBXBuildFile; fileRef = 2CC54C7C2B5BB5810054805A /* PresentAlert.swift */; };
		2CD8BB142B57B5FA009CBF56 /* FollowersListVC.swift in Sources */ = {isa = PBXBuildFile; fileRef = 2CD8BB132B57B5FA009CBF56 /* FollowersListVC.swift */; };
/* End PBXBuildFile section */

/* Begin PBXFileReference section */
		2C14FABC2B4D1FFE00A3AE3D /* GitHubFollowers.app */ = {isa = PBXFileReference; explicitFileType = wrapper.application; includeInIndex = 0; path = GitHubFollowers.app; sourceTree = BUILT_PRODUCTS_DIR; };
		2C14FABF2B4D1FFE00A3AE3D /* AppDelegate.swift */ = {isa = PBXFileReference; lastKnownFileType = sourcecode.swift; path = AppDelegate.swift; sourceTree = "<group>"; };
		2C14FAC12B4D1FFE00A3AE3D /* SceneDelegate.swift */ = {isa = PBXFileReference; lastKnownFileType = sourcecode.swift; path = SceneDelegate.swift; sourceTree = "<group>"; };
		2C14FAC82B4D200000A3AE3D /* Assets.xcassets */ = {isa = PBXFileReference; lastKnownFileType = folder.assetcatalog; path = Assets.xcassets; sourceTree = "<group>"; };
		2C14FACB2B4D200000A3AE3D /* Base */ = {isa = PBXFileReference; lastKnownFileType = file.storyboard; name = Base; path = Base.lproj/LaunchScreen.storyboard; sourceTree = "<group>"; };
		2C14FACD2B4D200000A3AE3D /* Info.plist */ = {isa = PBXFileReference; lastKnownFileType = text.plist.xml; path = Info.plist; sourceTree = "<group>"; };
		2C14FAD32B4D335C00A3AE3D /* SearchVC.swift */ = {isa = PBXFileReference; lastKnownFileType = sourcecode.swift; path = SearchVC.swift; sourceTree = "<group>"; };
		2C14FAD52B4D338D00A3AE3D /* FavoritesListVC.swift */ = {isa = PBXFileReference; lastKnownFileType = sourcecode.swift; path = FavoritesListVC.swift; sourceTree = "<group>"; };
		2C755D6C2B4FC77700A5B7DB /* GFButton.swift */ = {isa = PBXFileReference; lastKnownFileType = sourcecode.swift; path = GFButton.swift; sourceTree = "<group>"; };
		2C755D6E2B4FCC4400A5B7DB /* GFTextField.swift */ = {isa = PBXFileReference; lastKnownFileType = sourcecode.swift; path = GFTextField.swift; sourceTree = "<group>"; };
		2C9FF07D2B639804004171D4 /* Follower.swift */ = {isa = PBXFileReference; lastKnownFileType = sourcecode.swift; path = Follower.swift; sourceTree = "<group>"; };
		2C9FF07F2B639899004171D4 /* User.swift */ = {isa = PBXFileReference; lastKnownFileType = sourcecode.swift; path = User.swift; sourceTree = "<group>"; };
		2CC54C752B5BA30F0054805A /* GFTitleLabel.swift */ = {isa = PBXFileReference; lastKnownFileType = sourcecode.swift; name = GFTitleLabel.swift; path = "GitHubFollowers/Custom Views/GFTitleLabel.swift"; sourceTree = SOURCE_ROOT; };
		2CC54C772B5BA5610054805A /* GFBodyLabel.swift */ = {isa = PBXFileReference; lastKnownFileType = sourcecode.swift; path = GFBodyLabel.swift; sourceTree = "<group>"; };
		2CC54C792B5BA67C0054805A /* GFAlertVC.swift */ = {isa = PBXFileReference; lastKnownFileType = sourcecode.swift; path = GFAlertVC.swift; sourceTree = "<group>"; };
		2CC54C7C2B5BB5810054805A /* PresentAlert.swift */ = {isa = PBXFileReference; lastKnownFileType = sourcecode.swift; path = PresentAlert.swift; sourceTree = "<group>"; };
		2CD8BB132B57B5FA009CBF56 /* FollowersListVC.swift */ = {isa = PBXFileReference; lastKnownFileType = sourcecode.swift; path = FollowersListVC.swift; sourceTree = "<group>"; };
/* End PBXFileReference section */

/* Begin PBXFrameworksBuildPhase section */
		2C14FAB92B4D1FFE00A3AE3D /* Frameworks */ = {
			isa = PBXFrameworksBuildPhase;
			buildActionMask = 2147483647;
			files = (
			);
			runOnlyForDeploymentPostprocessing = 0;
		};
/* End PBXFrameworksBuildPhase section */

/* Begin PBXGroup section */
		2C14FAB32B4D1FFE00A3AE3D = {
			isa = PBXGroup;
			children = (
				2C14FABE2B4D1FFE00A3AE3D /* GitHubFollowers */,
				2C14FABD2B4D1FFE00A3AE3D /* Products */,
			);
			sourceTree = "<group>";
		};
		2C14FABD2B4D1FFE00A3AE3D /* Products */ = {
			isa = PBXGroup;
			children = (
				2C14FABC2B4D1FFE00A3AE3D /* GitHubFollowers.app */,
			);
			name = Products;
			sourceTree = "<group>";
		};
		2C14FABE2B4D1FFE00A3AE3D /* GitHubFollowers */ = {
			isa = PBXGroup;
			children = (
				2CC54C802B5BC00B0054805A /* Support */,
				2CC54C7B2B5BB56B0054805A /* Extension */,
				2CC54C7F2B5BBFEA0054805A /* Custom Views */,
				2CC54C7E2B5BBFAC0054805A /* Screens */,
				2C9FF07C2B6397EE004171D4 /* Model */,
			);
			path = GitHubFollowers;
			sourceTree = "<group>";
		};
		2C9FF07C2B6397EE004171D4 /* Model */ = {
			isa = PBXGroup;
			children = (
				2C9FF07D2B639804004171D4 /* Follower.swift */,
				2C9FF07F2B639899004171D4 /* User.swift */,
			);
			path = Model;
			sourceTree = "<group>";
		};
		2CC54C7B2B5BB56B0054805A /* Extension */ = {
			isa = PBXGroup;
			children = (
				2CC54C7C2B5BB5810054805A /* PresentAlert.swift */,
			);
			path = Extension;
			sourceTree = "<group>";
		};
		2CC54C7E2B5BBFAC0054805A /* Screens */ = {
			isa = PBXGroup;
			children = (
				2C14FAD32B4D335C00A3AE3D /* SearchVC.swift */,
				2CD8BB132B57B5FA009CBF56 /* FollowersListVC.swift */,
				2C14FAD52B4D338D00A3AE3D /* FavoritesListVC.swift */,
			);
			path = Screens;
			sourceTree = "<group>";
		};
		2CC54C7F2B5BBFEA0054805A /* Custom Views */ = {
			isa = PBXGroup;
			children = (
				2CC54C792B5BA67C0054805A /* GFAlertVC.swift */,
				2C755D6C2B4FC77700A5B7DB /* GFButton.swift */,
				2C755D6E2B4FCC4400A5B7DB /* GFTextField.swift */,
				2CC54C752B5BA30F0054805A /* GFTitleLabel.swift */,
				2CC54C772B5BA5610054805A /* GFBodyLabel.swift */,
			);
			path = "Custom Views";
			sourceTree = "<group>";
		};
		2CC54C802B5BC00B0054805A /* Support */ = {
			isa = PBXGroup;
			children = (
				2C14FABF2B4D1FFE00A3AE3D /* AppDelegate.swift */,
				2C14FAC12B4D1FFE00A3AE3D /* SceneDelegate.swift */,
				2C14FACD2B4D200000A3AE3D /* Info.plist */,
				2C14FACA2B4D200000A3AE3D /* LaunchScreen.storyboard */,
				2C14FAC82B4D200000A3AE3D /* Assets.xcassets */,
			);
			path = Support;
			sourceTree = "<group>";
		};
/* End PBXGroup section */

/* Begin PBXNativeTarget section */
		2C14FABB2B4D1FFE00A3AE3D /* GitHubFollowers */ = {
			isa = PBXNativeTarget;
			buildConfigurationList = 2C14FAD02B4D200000A3AE3D /* Build configuration list for PBXNativeTarget "GitHubFollowers" */;
			buildPhases = (
				2C14FAB82B4D1FFE00A3AE3D /* Sources */,
				2C14FAB92B4D1FFE00A3AE3D /* Frameworks */,
				2C14FABA2B4D1FFE00A3AE3D /* Resources */,
			);
			buildRules = (
			);
			dependencies = (
			);
			name = GitHubFollowers;
			productName = GitHubFollowers;
			productReference = 2C14FABC2B4D1FFE00A3AE3D /* GitHubFollowers.app */;
			productType = "com.apple.product-type.application";
		};
/* End PBXNativeTarget section */

/* Begin PBXProject section */
		2C14FAB42B4D1FFE00A3AE3D /* Project object */ = {
			isa = PBXProject;
			attributes = {
				BuildIndependentTargetsInParallel = 1;
				LastSwiftUpdateCheck = 1500;
				LastUpgradeCheck = 1500;
				TargetAttributes = {
					2C14FABB2B4D1FFE00A3AE3D = {
						CreatedOnToolsVersion = 15.0;
					};
				};
			};
			buildConfigurationList = 2C14FAB72B4D1FFE00A3AE3D /* Build configuration list for PBXProject "GitHubFollowers" */;
			compatibilityVersion = "Xcode 14.0";
			developmentRegion = en;
			hasScannedForEncodings = 0;
			knownRegions = (
				en,
				Base,
			);
			mainGroup = 2C14FAB32B4D1FFE00A3AE3D;
			productRefGroup = 2C14FABD2B4D1FFE00A3AE3D /* Products */;
			projectDirPath = "";
			projectRoot = "";
			targets = (
				2C14FABB2B4D1FFE00A3AE3D /* GitHubFollowers */,
			);
		};
/* End PBXProject section */

/* Begin PBXResourcesBuildPhase section */
		2C14FABA2B4D1FFE00A3AE3D /* Resources */ = {
			isa = PBXResourcesBuildPhase;
			buildActionMask = 2147483647;
			files = (
				2C14FACC2B4D200000A3AE3D /* LaunchScreen.storyboard in Resources */,
				2C14FAC92B4D200000A3AE3D /* Assets.xcassets in Resources */,
			);
			runOnlyForDeploymentPostprocessing = 0;
		};
/* End PBXResourcesBuildPhase section */

/* Begin PBXSourcesBuildPhase section */
		2C14FAB82B4D1FFE00A3AE3D /* Sources */ = {
			isa = PBXSourcesBuildPhase;
			buildActionMask = 2147483647;
			files = (
				2C9FF0802B639899004171D4 /* User.swift in Sources */,
				2C755D6F2B4FCC4400A5B7DB /* GFTextField.swift in Sources */,
				2CD8BB142B57B5FA009CBF56 /* FollowersListVC.swift in Sources */,
				2C14FAD42B4D335C00A3AE3D /* SearchVC.swift in Sources */,
				2C9FF07E2B639804004171D4 /* Follower.swift in Sources */,
				2C755D6D2B4FC77700A5B7DB /* GFButton.swift in Sources */,
				2CC54C7A2B5BA67C0054805A /* GFAlertVC.swift in Sources */,
				2CC54C782B5BA5610054805A /* GFBodyLabel.swift in Sources */,
				2CC54C762B5BA30F0054805A /* GFTitleLabel.swift in Sources */,
				2C14FAD62B4D338D00A3AE3D /* FavoritesListVC.swift in Sources */,
				2CC54C7D2B5BB5810054805A /* PresentAlert.swift in Sources */,
				2C14FAC02B4D1FFE00A3AE3D /* AppDelegate.swift in Sources */,
				2C14FAC22B4D1FFE00A3AE3D /* SceneDelegate.swift in Sources */,
			);
			runOnlyForDeploymentPostprocessing = 0;
		};
/* End PBXSourcesBuildPhase section */

/* Begin PBXVariantGroup section */
		2C14FACA2B4D200000A3AE3D /* LaunchScreen.storyboard */ = {
			isa = PBXVariantGroup;
			children = (
				2C14FACB2B4D200000A3AE3D /* Base */,
			);
			name = LaunchScreen.storyboard;
			sourceTree = "<group>";
		};
/* End PBXVariantGroup section */

/* Begin XCBuildConfiguration section */
		2C14FACE2B4D200000A3AE3D /* Debug */ = {
			isa = XCBuildConfiguration;
			buildSettings = {
				ALWAYS_SEARCH_USER_PATHS = NO;
				ASSETCATALOG_COMPILER_GENERATE_SWIFT_ASSET_SYMBOL_EXTENSIONS = YES;
				CLANG_ANALYZER_NONNULL = YES;
				CLANG_ANALYZER_NUMBER_OBJECT_CONVERSION = YES_AGGRESSIVE;
				CLANG_CXX_LANGUAGE_STANDARD = "gnu++20";
				CLANG_ENABLE_MODULES = YES;
				CLANG_ENABLE_OBJC_ARC = YES;
				CLANG_ENABLE_OBJC_WEAK = YES;
				CLANG_WARN_BLOCK_CAPTURE_AUTORELEASING = YES;
				CLANG_WARN_BOOL_CONVERSION = YES;
				CLANG_WARN_COMMA = YES;
				CLANG_WARN_CONSTANT_CONVERSION = YES;
				CLANG_WARN_DEPRECATED_OBJC_IMPLEMENTATIONS = YES;
				CLANG_WARN_DIRECT_OBJC_ISA_USAGE = YES_ERROR;
				CLANG_WARN_DOCUMENTATION_COMMENTS = YES;
				CLANG_WARN_EMPTY_BODY = YES;
				CLANG_WARN_ENUM_CONVERSION = YES;
				CLANG_WARN_INFINITE_RECURSION = YES;
				CLANG_WARN_INT_CONVERSION = YES;
				CLANG_WARN_NON_LITERAL_NULL_CONVERSION = YES;
				CLANG_WARN_OBJC_IMPLICIT_RETAIN_SELF = YES;
				CLANG_WARN_OBJC_LITERAL_CONVERSION = YES;
				CLANG_WARN_OBJC_ROOT_CLASS = YES_ERROR;
				CLANG_WARN_QUOTED_INCLUDE_IN_FRAMEWORK_HEADER = YES;
				CLANG_WARN_RANGE_LOOP_ANALYSIS = YES;
				CLANG_WARN_STRICT_PROTOTYPES = YES;
				CLANG_WARN_SUSPICIOUS_MOVE = YES;
				CLANG_WARN_UNGUARDED_AVAILABILITY = YES_AGGRESSIVE;
				CLANG_WARN_UNREACHABLE_CODE = YES;
				CLANG_WARN__DUPLICATE_METHOD_MATCH = YES;
				COPY_PHASE_STRIP = NO;
				DEBUG_INFORMATION_FORMAT = dwarf;
				ENABLE_STRICT_OBJC_MSGSEND = YES;
				ENABLE_TESTABILITY = YES;
				ENABLE_USER_SCRIPT_SANDBOXING = YES;
				GCC_C_LANGUAGE_STANDARD = gnu17;
				GCC_DYNAMIC_NO_PIC = NO;
				GCC_NO_COMMON_BLOCKS = YES;
				GCC_OPTIMIZATION_LEVEL = 0;
				GCC_PREPROCESSOR_DEFINITIONS = (
					"DEBUG=1",
					"$(inherited)",
				);
				GCC_WARN_64_TO_32_BIT_CONVERSION = YES;
				GCC_WARN_ABOUT_RETURN_TYPE = YES_ERROR;
				GCC_WARN_UNDECLARED_SELECTOR = YES;
				GCC_WARN_UNINITIALIZED_AUTOS = YES_AGGRESSIVE;
				GCC_WARN_UNUSED_FUNCTION = YES;
				GCC_WARN_UNUSED_VARIABLE = YES;
				IPHONEOS_DEPLOYMENT_TARGET = 17.0;
				LOCALIZATION_PREFERS_STRING_CATALOGS = YES;
				MTL_ENABLE_DEBUG_INFO = INCLUDE_SOURCE;
				MTL_FAST_MATH = YES;
				ONLY_ACTIVE_ARCH = YES;
				SDKROOT = iphoneos;
				SWIFT_ACTIVE_COMPILATION_CONDITIONS = "DEBUG $(inherited)";
				SWIFT_OPTIMIZATION_LEVEL = "-Onone";
			};
			name = Debug;
		};
		2C14FACF2B4D200000A3AE3D /* Release */ = {
			isa = XCBuildConfiguration;
			buildSettings = {
				ALWAYS_SEARCH_USER_PATHS = NO;
				ASSETCATALOG_COMPILER_GENERATE_SWIFT_ASSET_SYMBOL_EXTENSIONS = YES;
				CLANG_ANALYZER_NONNULL = YES;
				CLANG_ANALYZER_NUMBER_OBJECT_CONVERSION = YES_AGGRESSIVE;
				CLANG_CXX_LANGUAGE_STANDARD = "gnu++20";
				CLANG_ENABLE_MODULES = YES;
				CLANG_ENABLE_OBJC_ARC = YES;
				CLANG_ENABLE_OBJC_WEAK = YES;
				CLANG_WARN_BLOCK_CAPTURE_AUTORELEASING = YES;
				CLANG_WARN_BOOL_CONVERSION = YES;
				CLANG_WARN_COMMA = YES;
				CLANG_WARN_CONSTANT_CONVERSION = YES;
				CLANG_WARN_DEPRECATED_OBJC_IMPLEMENTATIONS = YES;
				CLANG_WARN_DIRECT_OBJC_ISA_USAGE = YES_ERROR;
				CLANG_WARN_DOCUMENTATION_COMMENTS = YES;
				CLANG_WARN_EMPTY_BODY = YES;
				CLANG_WARN_ENUM_CONVERSION = YES;
				CLANG_WARN_INFINITE_RECURSION = YES;
				CLANG_WARN_INT_CONVERSION = YES;
				CLANG_WARN_NON_LITERAL_NULL_CONVERSION = YES;
				CLANG_WARN_OBJC_IMPLICIT_RETAIN_SELF = YES;
				CLANG_WARN_OBJC_LITERAL_CONVERSION = YES;
				CLANG_WARN_OBJC_ROOT_CLASS = YES_ERROR;
				CLANG_WARN_QUOTED_INCLUDE_IN_FRAMEWORK_HEADER = YES;
				CLANG_WARN_RANGE_LOOP_ANALYSIS = YES;
				CLANG_WARN_STRICT_PROTOTYPES = YES;
				CLANG_WARN_SUSPICIOUS_MOVE = YES;
				CLANG_WARN_UNGUARDED_AVAILABILITY = YES_AGGRESSIVE;
				CLANG_WARN_UNREACHABLE_CODE = YES;
				CLANG_WARN__DUPLICATE_METHOD_MATCH = YES;
				COPY_PHASE_STRIP = NO;
				DEBUG_INFORMATION_FORMAT = "dwarf-with-dsym";
				ENABLE_NS_ASSERTIONS = NO;
				ENABLE_STRICT_OBJC_MSGSEND = YES;
				ENABLE_USER_SCRIPT_SANDBOXING = YES;
				GCC_C_LANGUAGE_STANDARD = gnu17;
				GCC_NO_COMMON_BLOCKS = YES;
				GCC_WARN_64_TO_32_BIT_CONVERSION = YES;
				GCC_WARN_ABOUT_RETURN_TYPE = YES_ERROR;
				GCC_WARN_UNDECLARED_SELECTOR = YES;
				GCC_WARN_UNINITIALIZED_AUTOS = YES_AGGRESSIVE;
				GCC_WARN_UNUSED_FUNCTION = YES;
				GCC_WARN_UNUSED_VARIABLE = YES;
				IPHONEOS_DEPLOYMENT_TARGET = 17.0;
				LOCALIZATION_PREFERS_STRING_CATALOGS = YES;
				MTL_ENABLE_DEBUG_INFO = NO;
				MTL_FAST_MATH = YES;
				SDKROOT = iphoneos;
				SWIFT_COMPILATION_MODE = wholemodule;
				VALIDATE_PRODUCT = YES;
			};
			name = Release;
		};
		2C14FAD12B4D200000A3AE3D /* Debug */ = {
			isa = XCBuildConfiguration;
			buildSettings = {
				ASSETCATALOG_COMPILER_APPICON_NAME = AppIcon;
				ASSETCATALOG_COMPILER_GLOBAL_ACCENT_COLOR_NAME = AccentColor;
				CODE_SIGN_STYLE = Automatic;
				CURRENT_PROJECT_VERSION = 1;
				GENERATE_INFOPLIST_FILE = YES;
				INFOPLIST_FILE = GitHubFollowers/Support/Info.plist;
				INFOPLIST_KEY_UIApplicationSupportsIndirectInputEvents = YES;
				INFOPLIST_KEY_UILaunchStoryboardName = LaunchScreen;
				INFOPLIST_KEY_UISupportedInterfaceOrientations = UIInterfaceOrientationPortrait;
				IPHONEOS_DEPLOYMENT_TARGET = 13.0;
				LD_RUNPATH_SEARCH_PATHS = (
					"$(inherited)",
					"@executable_path/Frameworks",
				);
				MARKETING_VERSION = 1.0;
				PRODUCT_BUNDLE_IDENTIFIER = Alex.GitHubFollowers;
				PRODUCT_NAME = "$(TARGET_NAME)";
				SUPPORTED_PLATFORMS = "iphoneos iphonesimulator";
				SUPPORTS_MACCATALYST = NO;
				SUPPORTS_MAC_DESIGNED_FOR_IPHONE_IPAD = NO;
				SWIFT_EMIT_LOC_STRINGS = YES;
				SWIFT_VERSION = 5.0;
				TARGETED_DEVICE_FAMILY = 1;
			};
			name = Debug;
		};
		2C14FAD22B4D200000A3AE3D /* Release */ = {
			isa = XCBuildConfiguration;
			buildSettings = {
				ASSETCATALOG_COMPILER_APPICON_NAME = AppIcon;
				ASSETCATALOG_COMPILER_GLOBAL_ACCENT_COLOR_NAME = AccentColor;
				CODE_SIGN_STYLE = Automatic;
				CURRENT_PROJECT_VERSION = 1;
				GENERATE_INFOPLIST_FILE = YES;
				INFOPLIST_FILE = GitHubFollowers/Support/Info.plist;
				INFOPLIST_KEY_UIApplicationSupportsIndirectInputEvents = YES;
				INFOPLIST_KEY_UILaunchStoryboardName = LaunchScreen;
				INFOPLIST_KEY_UISupportedInterfaceOrientations = UIInterfaceOrientationPortrait;
				IPHONEOS_DEPLOYMENT_TARGET = 13.0;
				LD_RUNPATH_SEARCH_PATHS = (
					"$(inherited)",
					"@executable_path/Frameworks",
				);
				MARKETING_VERSION = 1.0;
				PRODUCT_BUNDLE_IDENTIFIER = Alex.GitHubFollowers;
				PRODUCT_NAME = "$(TARGET_NAME)";
				SUPPORTED_PLATFORMS = "iphoneos iphonesimulator";
				SUPPORTS_MACCATALYST = NO;
				SUPPORTS_MAC_DESIGNED_FOR_IPHONE_IPAD = NO;
				SWIFT_EMIT_LOC_STRINGS = YES;
				SWIFT_VERSION = 5.0;
				TARGETED_DEVICE_FAMILY = 1;
			};
			name = Release;
		};
/* End XCBuildConfiguration section */

/* Begin XCConfigurationList section */
		2C14FAB72B4D1FFE00A3AE3D /* Build configuration list for PBXProject "GitHubFollowers" */ = {
			isa = XCConfigurationList;
			buildConfigurations = (
				2C14FACE2B4D200000A3AE3D /* Debug */,
				2C14FACF2B4D200000A3AE3D /* Release */,
			);
			defaultConfigurationIsVisible = 0;
			defaultConfigurationName = Release;
		};
		2C14FAD02B4D200000A3AE3D /* Build configuration list for PBXNativeTarget "GitHubFollowers" */ = {
			isa = XCConfigurationList;
			buildConfigurations = (
				2C14FAD12B4D200000A3AE3D /* Debug */,
				2C14FAD22B4D200000A3AE3D /* Release */,
			);
			defaultConfigurationIsVisible = 0;
			defaultConfigurationName = Release;
		};
/* End XCConfigurationList section */
	};
	rootObject = 2C14FAB42B4D1FFE00A3AE3D /* Project object */;
}
